
Microsoft Visual Studio Solution File, Format Version 12.00
# Visual Studio Version 17
VisualStudioVersion = 17.1.32210.238
MinimumVisualStudioVersion = 10.0.40219.1
Project("{2150E333-8FDC-42A3-9474-1A3956D46DE8}") = "Solution Items", "Solution Items", "{044E0235-01C6-4475-8564-22C8D2EC3B36}"
	ProjectSection(SolutionItems) = preProject
		.gitattributes = .gitattributes
		.gitignore = .gitignore
		azure-pipelines.yml = azure-pipelines.yml
		Directory.Build.props = Directory.Build.props
		key.snk = key.snk
		LICENSE = LICENSE
		nuget.config = nuget.config
		README.md = README.md
		tests.runsettings = tests.runsettings
		version.json = version.json
	EndProjectSection
EndProject
Project("{2150E333-8FDC-42A3-9474-1A3956D46DE8}") = "src", "src", "{C697BDE5-3BD3-4669-87DE-8900DB8AA20D}"
EndProject
Project("{2150E333-8FDC-42A3-9474-1A3956D46DE8}") = "test", "test", "{5D677D77-2207-44B9-BF46-9C9C8BBA16A7}"
EndProject
Project("{2150E333-8FDC-42A3-9474-1A3956D46DE8}") = "sample", "sample", "{ACE9D947-F05A-4B31-ACB5-F7D25EB508D2}"
EndProject
Project("{9A19103F-16F7-4668-BE54-9A1E7A4F7556}") = "idunno.Password.Generator", "src\idunno.Password\idunno.Password.Generator.csproj", "{E5BFD89E-7A6D-4D25-A6BA-6D51DDDFF1BD}"
EndProject
Project("{9A19103F-16F7-4668-BE54-9A1E7A4F7556}") = "idunno.Password.Generator.ConsoleSample", "sample\idunno.Password.Generator.ConsoleSample\idunno.Password.Generator.ConsoleSample.csproj", "{45EFE1CF-9BA1-46F7-96A7-25949DBD4668}"
EndProject
Project("{9A19103F-16F7-4668-BE54-9A1E7A4F7556}") = "idunno.Password.Generator.Tests", "test\idunno.Password.Generator.Tests\idunno.Password.Generator.Tests.csproj", "{3B16FD1E-CA1E-4460-88EF-A6081DD11800}"
EndProject
Global
	GlobalSection(SolutionConfigurationPlatforms) = preSolution
		Debug|Any CPU = Debug|Any CPU
		Release|Any CPU = Release|Any CPU
	EndGlobalSection
	GlobalSection(ProjectConfigurationPlatforms) = postSolution
		{E5BFD89E-7A6D-4D25-A6BA-6D51DDDFF1BD}.Debug|Any CPU.ActiveCfg = Debug|Any CPU
		{E5BFD89E-7A6D-4D25-A6BA-6D51DDDFF1BD}.Debug|Any CPU.Build.0 = Debug|Any CPU
		{E5BFD89E-7A6D-4D25-A6BA-6D51DDDFF1BD}.Release|Any CPU.ActiveCfg = Release|Any CPU
		{E5BFD89E-7A6D-4D25-A6BA-6D51DDDFF1BD}.Release|Any CPU.Build.0 = Release|Any CPU
		{45EFE1CF-9BA1-46F7-96A7-25949DBD4668}.Debug|Any CPU.ActiveCfg = Debug|Any CPU
		{45EFE1CF-9BA1-46F7-96A7-25949DBD4668}.Debug|Any CPU.Build.0 = Debug|Any CPU
		{45EFE1CF-9BA1-46F7-96A7-25949DBD4668}.Release|Any CPU.ActiveCfg = Release|Any CPU
		{45EFE1CF-9BA1-46F7-96A7-25949DBD4668}.Release|Any CPU.Build.0 = Release|Any CPU
		{3B16FD1E-CA1E-4460-88EF-A6081DD11800}.Debug|Any CPU.ActiveCfg = Debug|Any CPU
		{3B16FD1E-CA1E-4460-88EF-A6081DD11800}.Debug|Any CPU.Build.0 = Debug|Any CPU
		{3B16FD1E-CA1E-4460-88EF-A6081DD11800}.Release|Any CPU.ActiveCfg = Release|Any CPU
		{3B16FD1E-CA1E-4460-88EF-A6081DD11800}.Release|Any CPU.Build.0 = Release|Any CPU
	EndGlobalSection
	GlobalSection(SolutionProperties) = preSolution
		HideSolutionNode = FALSE
	EndGlobalSection
	GlobalSection(NestedProjects) = preSolution
		{E5BFD89E-7A6D-4D25-A6BA-6D51DDDFF1BD} = {C697BDE5-3BD3-4669-87DE-8900DB8AA20D}
		{45EFE1CF-9BA1-46F7-96A7-25949DBD4668} = {ACE9D947-F05A-4B31-ACB5-F7D25EB508D2}
		{3B16FD1E-CA1E-4460-88EF-A6081DD11800} = {5D677D77-2207-44B9-BF46-9C9C8BBA16A7}
	EndGlobalSection
	GlobalSection(ExtensibilityGlobals) = postSolution
		SolutionGuid = {66718804-8929-4DFC-9698-BC6B146D8F1C}
	EndGlobalSection
EndGlobal
